// !$*UTF8*$!
{
	archiveVersion = 1;
	classes = {
	};
	objectVersion = 56;
	objects = {

/* Begin PBXBuildFile section */
		BA22D3662B04861E00D03533 /* AppDelegate.swift in Sources */ = {isa = PBXBuildFile; fileRef = BA22D3652B04861E00D03533 /* AppDelegate.swift */; };
		BA22D3682B04861E00D03533 /* SceneDelegate.swift in Sources */ = {isa = PBXBuildFile; fileRef = BA22D3672B04861E00D03533 /* SceneDelegate.swift */; };
		BA22D36A2B04861E00D03533 /* ViewController.swift in Sources */ = {isa = PBXBuildFile; fileRef = BA22D3692B04861E00D03533 /* ViewController.swift */; };
		BA22D36D2B04861E00D03533 /* Main.storyboard in Resources */ = {isa = PBXBuildFile; fileRef = BA22D36B2B04861E00D03533 /* Main.storyboard */; };
		BA22D36F2B04862000D03533 /* Assets.xcassets in Resources */ = {isa = PBXBuildFile; fileRef = BA22D36E2B04862000D03533 /* Assets.xcassets */; };
		BA22D3722B04862000D03533 /* LaunchScreen.storyboard in Resources */ = {isa = PBXBuildFile; fileRef = BA22D3702B04862000D03533 /* LaunchScreen.storyboard */; };
		BA22D37D2B04862000D03533 /* calculoTests.swift in Sources */ = {isa = PBXBuildFile; fileRef = BA22D37C2B04862000D03533 /* calculoTests.swift */; };
		BA22D3872B04862000D03533 /* calculoUITests.swift in Sources */ = {isa = PBXBuildFile; fileRef = BA22D3862B04862000D03533 /* calculoUITests.swift */; };
		BA22D3892B04862000D03533 /* calculoUITestsLaunchTests.swift in Sources */ = {isa = PBXBuildFile; fileRef = BA22D3882B04862000D03533 /* calculoUITestsLaunchTests.swift */; };
/* End PBXBuildFile section */

/* Begin PBXContainerItemProxy section */
		BA22D3792B04862000D03533 /* PBXContainerItemProxy */ = {
			isa = PBXContainerItemProxy;
			containerPortal = BA22D35A2B04861E00D03533 /* Project object */;
			proxyType = 1;
			remoteGlobalIDString = BA22D3612B04861E00D03533;
			remoteInfo = calculo;
		};
		BA22D3832B04862000D03533 /* PBXContainerItemProxy */ = {
			isa = PBXContainerItemProxy;
			containerPortal = BA22D35A2B04861E00D03533 /* Project object */;
			proxyType = 1;
			remoteGlobalIDString = BA22D3612B04861E00D03533;
			remoteInfo = calculo;
		};
/* End PBXContainerItemProxy section */

/* Begin PBXFileReference section */
		BA22D3622B04861E00D03533 /* calculo.app */ = {isa = PBXFileReference; explicitFileType = wrapper.application; includeInIndex = 0; path = calculo.app; sourceTree = BUILT_PRODUCTS_DIR; };
		BA22D3652B04861E00D03533 /* AppDelegate.swift */ = {isa = PBXFileReference; lastKnownFileType = sourcecode.swift; path = AppDelegate.swift; sourceTree = "<group>"; };
		BA22D3672B04861E00D03533 /* SceneDelegate.swift */ = {isa = PBXFileReference; lastKnownFileType = sourcecode.swift; path = SceneDelegate.swift; sourceTree = "<group>"; };
		BA22D3692B04861E00D03533 /* ViewController.swift */ = {isa = PBXFileReference; lastKnownFileType = sourcecode.swift; path = ViewController.swift; sourceTree = "<group>"; };
		BA22D36C2B04861E00D03533 /* Base */ = {isa = PBXFileReference; lastKnownFileType = file.storyboard; name = Base; path = Base.lproj/Main.storyboard; sourceTree = "<group>"; };
		BA22D36E2B04862000D03533 /* Assets.xcassets */ = {isa = PBXFileReference; lastKnownFileType = folder.assetcatalog; path = Assets.xcassets; sourceTree = "<group>"; };
		BA22D3712B04862000D03533 /* Base */ = {isa = PBXFileReference; lastKnownFileType = file.storyboard; name = Base; path = Base.lproj/LaunchScreen.storyboard; sourceTree = "<group>"; };
		BA22D3732B04862000D03533 /* Info.plist */ = {isa = PBXFileReference; lastKnownFileType = text.plist.xml; path = Info.plist; sourceTree = "<group>"; };
		BA22D3782B04862000D03533 /* calculoTests.xctest */ = {isa = PBXFileReference; explicitFileType = wrapper.cfbundle; includeInIndex = 0; path = calculoTests.xctest; sourceTree = BUILT_PRODUCTS_DIR; };
		BA22D37C2B04862000D03533 /* calculoTests.swift */ = {isa = PBXFileReference; lastKnownFileType = sourcecode.swift; path = calculoTests.swift; sourceTree = "<group>"; };
		BA22D3822B04862000D03533 /* calculoUITests.xctest */ = {isa = PBXFileReference; explicitFileType = wrapper.cfbundle; includeInIndex = 0; path = calculoUITests.xctest; sourceTree = BUILT_PRODUCTS_DIR; };
		BA22D3862B04862000D03533 /* calculoUITests.swift */ = {isa = PBXFileReference; lastKnownFileType = sourcecode.swift; path = calculoUITests.swift; sourceTree = "<group>"; };
		BA22D3882B04862000D03533 /* calculoUITestsLaunchTests.swift */ = {isa = PBXFileReference; lastKnownFileType = sourcecode.swift; path = calculoUITestsLaunchTests.swift; sourceTree = "<group>"; };
/* End PBXFileReference section */

/* Begin PBXFrameworksBuildPhase section */
		BA22D35F2B04861E00D03533 /* Frameworks */ = {
			isa = PBXFrameworksBuildPhase;
			buildActionMask = 2147483647;
			files = (
			);
			runOnlyForDeploymentPostprocessing = 0;
		};
		BA22D3752B04862000D03533 /* Frameworks */ = {
			isa = PBXFrameworksBuildPhase;
			buildActionMask = 2147483647;
			files = (
			);
			runOnlyForDeploymentPostprocessing = 0;
		};
		BA22D37F2B04862000D03533 /* Frameworks */ = {
			isa = PBXFrameworksBuildPhase;
			buildActionMask = 2147483647;
			files = (
			);
			runOnlyForDeploymentPostprocessing = 0;
		};
/* End PBXFrameworksBuildPhase section */

/* Begin PBXGroup section */
		BA22D3592B04861E00D03533 = {
			isa = PBXGroup;
			children = (
				BA22D3642B04861E00D03533 /* calculo */,
				BA22D37B2B04862000D03533 /* calculoTests */,
				BA22D3852B04862000D03533 /* calculoUITests */,
				BA22D3632B04861E00D03533 /* Products */,
			);
			sourceTree = "<group>";
		};
		BA22D3632B04861E00D03533 /* Products */ = {
			isa = PBXGroup;
			children = (
				BA22D3622B04861E00D03533 /* calculo.app */,
				BA22D3782B04862000D03533 /* calculoTests.xctest */,
				BA22D3822B04862000D03533 /* calculoUITests.xctest */,
			);
			name = Products;
			sourceTree = "<group>";
		};
		BA22D3642B04861E00D03533 /* calculo */ = {
			isa = PBXGroup;
			children = (
				BA22D3652B04861E00D03533 /* AppDelegate.swift */,
				BA22D3672B04861E00D03533 /* SceneDelegate.swift */,
				BA22D3692B04861E00D03533 /* ViewController.swift */,
				BA22D36B2B04861E00D03533 /* Main.storyboard */,
				BA22D36E2B04862000D03533 /* Assets.xcassets */,
				BA22D3702B04862000D03533 /* LaunchScreen.storyboard */,
				BA22D3732B04862000D03533 /* Info.plist */,
			);
			path = calculo;
			sourceTree = "<group>";
		};
		BA22D37B2B04862000D03533 /* calculoTests */ = {
			isa = PBXGroup;
			children = (
				BA22D37C2B04862000D03533 /* calculoTests.swift */,
			);
			path = calculoTests;
			sourceTree = "<group>";
		};
		BA22D3852B04862000D03533 /* calculoUITests */ = {
			isa = PBXGroup;
			children = (
				BA22D3862B04862000D03533 /* calculoUITests.swift */,
				BA22D3882B04862000D03533 /* calculoUITestsLaunchTests.swift */,
			);
			path = calculoUITests;
			sourceTree = "<group>";
		};
/* End PBXGroup section */

/* Begin PBXNativeTarget section */
		BA22D3612B04861E00D03533 /* calculo */ = {
			isa = PBXNativeTarget;
			buildConfigurationList = BA22D38C2B04862000D03533 /* Build configuration list for PBXNativeTarget "calculo" */;
			buildPhases = (
				BA22D35E2B04861E00D03533 /* Sources */,
				BA22D35F2B04861E00D03533 /* Frameworks */,
				BA22D3602B04861E00D03533 /* Resources */,
			);
			buildRules = (
			);
			dependencies = (
			);
			name = calculo;
			productName = calculo;
			productReference = BA22D3622B04861E00D03533 /* calculo.app */;
			productType = "com.apple.product-type.application";
		};
		BA22D3772B04862000D03533 /* calculoTests */ = {
			isa = PBXNativeTarget;
			buildConfigurationList = BA22D38F2B04862000D03533 /* Build configuration list for PBXNativeTarget "calculoTests" */;
			buildPhases = (
				BA22D3742B04862000D03533 /* Sources */,
				BA22D3752B04862000D03533 /* Frameworks */,
				BA22D3762B04862000D03533 /* Resources */,
			);
			buildRules = (
			);
			dependencies = (
				BA22D37A2B04862000D03533 /* PBXTargetDependency */,
			);
			name = calculoTests;
			productName = calculoTests;
			productReference = BA22D3782B04862000D03533 /* calculoTests.xctest */;
			productType = "com.apple.product-type.bundle.unit-test";
		};
		BA22D3812B04862000D03533 /* calculoUITests */ = {
			isa = PBXNativeTarget;
			buildConfigurationList = BA22D3922B04862000D03533 /* Build configuration list for PBXNativeTarget "calculoUITests" */;
			buildPhases = (
				BA22D37E2B04862000D03533 /* Sources */,
				BA22D37F2B04862000D03533 /* Frameworks */,
				BA22D3802B04862000D03533 /* Resources */,
			);
			buildRules = (
			);
			dependencies = (
				BA22D3842B04862000D03533 /* PBXTargetDependency */,
			);
			name = calculoUITests;
			productName = calculoUITests;
			productReference = BA22D3822B04862000D03533 /* calculoUITests.xctest */;
			productType = "com.apple.product-type.bundle.ui-testing";
		};
/* End PBXNativeTarget section */

/* Begin PBXProject section */
		BA22D35A2B04861E00D03533 /* Project object */ = {
			isa = PBXProject;
			attributes = {
				BuildIndependentTargetsInParallel = 1;
				LastSwiftUpdateCheck = 1500;
				LastUpgradeCheck = 1500;
				TargetAttributes = {
					BA22D3612B04861E00D03533 = {
						CreatedOnToolsVersion = 15.0.1;
					};
					BA22D3772B04862000D03533 = {
						CreatedOnToolsVersion = 15.0.1;
						TestTargetID = BA22D3612B04861E00D03533;
					};
					BA22D3812B04862000D03533 = {
						CreatedOnToolsVersion = 15.0.1;
						TestTargetID = BA22D3612B04861E00D03533;
					};
				};
			};
			buildConfigurationList = BA22D35D2B04861E00D03533 /* Build configuration list for PBXProject "calculo" */;
			compatibilityVersion = "Xcode 14.0";
			developmentRegion = en;
			hasScannedForEncodings = 0;
			knownRegions = (
				en,
				Base,
			);
			mainGroup = BA22D3592B04861E00D03533;
			productRefGroup = BA22D3632B04861E00D03533 /* Products */;
			projectDirPath = "";
			projectRoot = "";
			targets = (
				BA22D3612B04861E00D03533 /* calculo */,
				BA22D3772B04862000D03533 /* calculoTests */,
				BA22D3812B04862000D03533 /* calculoUITests */,
			);
		};
/* End PBXProject section */

/* Begin PBXResourcesBuildPhase section */
		BA22D3602B04861E00D03533 /* Resources */ = {
			isa = PBXResourcesBuildPhase;
			buildActionMask = 2147483647;
			files = (
				BA22D3722B04862000D03533 /* LaunchScreen.storyboard in Resources */,
				BA22D36F2B04862000D03533 /* Assets.xcassets in Resources */,
				BA22D36D2B04861E00D03533 /* Main.storyboard in Resources */,
			);
			runOnlyForDeploymentPostprocessing = 0;
		};
		BA22D3762B04862000D03533 /* Resources */ = {
			isa = PBXResourcesBuildPhase;
			buildActionMask = 2147483647;
			files = (
			);
			runOnlyForDeploymentPostprocessing = 0;
		};
		BA22D3802B04862000D03533 /* Resources */ = {
			isa = PBXResourcesBuildPhase;
			buildActionMask = 2147483647;
			files = (
			);
			runOnlyForDeploymentPostprocessing = 0;
		};
/* End PBXResourcesBuildPhase section */

/* Begin PBXSourcesBuildPhase section */
		BA22D35E2B04861E00D03533 /* Sources */ = {
			isa = PBXSourcesBuildPhase;
			buildActionMask = 2147483647;
			files = (
				BA22D36A2B04861E00D03533 /* ViewController.swift in Sources */,
				BA22D3662B04861E00D03533 /* AppDelegate.swift in Sources */,
				BA22D3682B04861E00D03533 /* SceneDelegate.swift in Sources */,
			);
			runOnlyForDeploymentPostprocessing = 0;
		};
		BA22D3742B04862000D03533 /* Sources */ = {
			isa = PBXSourcesBuildPhase;
			buildActionMask = 2147483647;
			files = (
				BA22D37D2B04862000D03533 /* calculoTests.swift in Sources */,
			);
			runOnlyForDeploymentPostprocessing = 0;
		};
		BA22D37E2B04862000D03533 /* Sources */ = {
			isa = PBXSourcesBuildPhase;
			buildActionMask = 2147483647;
			files = (
				BA22D3892B04862000D03533 /* calculoUITestsLaunchTests.swift in Sources */,
				BA22D3872B04862000D03533 /* calculoUITests.swift in Sources */,
			);
			runOnlyForDeploymentPostprocessing = 0;
		};
/* End PBXSourcesBuildPhase section */

/* Begin PBXTargetDependency section */
		BA22D37A2B04862000D03533 /* PBXTargetDependency */ = {
			isa = PBXTargetDependency;
			target = BA22D3612B04861E00D03533 /* calculo */;
			targetProxy = BA22D3792B04862000D03533 /* PBXContainerItemProxy */;
		};
		BA22D3842B04862000D03533 /* PBXTargetDependency */ = {
			isa = PBXTargetDependency;
			target = BA22D3612B04861E00D03533 /* calculo */;
			targetProxy = BA22D3832B04862000D03533 /* PBXContainerItemProxy */;
		};
/* End PBXTargetDependency section */

/* Begin PBXVariantGroup section */
		BA22D36B2B04861E00D03533 /* Main.storyboard */ = {
			isa = PBXVariantGroup;
			children = (
				BA22D36C2B04861E00D03533 /* Base */,
			);
			name = Main.storyboard;
			sourceTree = "<group>";
		};
		BA22D3702B04862000D03533 /* LaunchScreen.storyboard */ = {
			isa = PBXVariantGroup;
			children = (
				BA22D3712B04862000D03533 /* Base */,
			);
			name = LaunchScreen.storyboard;
			sourceTree = "<group>";
		};
/* End PBXVariantGroup section */

/* Begin XCBuildConfiguration section */
		BA22D38A2B04862000D03533 /* Debug */ = {
			isa = XCBuildConfiguration;
			buildSettings = {
				ALWAYS_SEARCH_USER_PATHS = NO;
				ASSETCATALOG_COMPILER_GENERATE_SWIFT_ASSET_SYMBOL_EXTENSIONS = YES;
				CLANG_ANALYZER_NONNULL = YES;
				CLANG_ANALYZER_NUMBER_OBJECT_CONVERSION = YES_AGGRESSIVE;
				CLANG_CXX_LANGUAGE_STANDARD = "gnu++20";
				CLANG_ENABLE_MODULES = YES;
				CLANG_ENABLE_OBJC_ARC = YES;
				CLANG_ENABLE_OBJC_WEAK = YES;
				CLANG_WARN_BLOCK_CAPTURE_AUTORELEASING = YES;
				CLANG_WARN_BOOL_CONVERSION = YES;
				CLANG_WARN_COMMA = YES;
				CLANG_WARN_CONSTANT_CONVERSION = YES;
				CLANG_WARN_DEPRECATED_OBJC_IMPLEMENTATIONS = YES;
				CLANG_WARN_DIRECT_OBJC_ISA_USAGE = YES_ERROR;
				CLANG_WARN_DOCUMENTATION_COMMENTS = YES;
				CLANG_WARN_EMPTY_BODY = YES;
				CLANG_WARN_ENUM_CONVERSION = YES;
				CLANG_WARN_INFINITE_RECURSION = YES;
				CLANG_WARN_INT_CONVERSION = YES;
				CLANG_WARN_NON_LITERAL_NULL_CONVERSION = YES;
				CLANG_WARN_OBJC_IMPLICIT_RETAIN_SELF = YES;
				CLANG_WARN_OBJC_LITERAL_CONVERSION = YES;
				CLANG_WARN_OBJC_ROOT_CLASS = YES_ERROR;
				CLANG_WARN_QUOTED_INCLUDE_IN_FRAMEWORK_HEADER = YES;
				CLANG_WARN_RANGE_LOOP_ANALYSIS = YES;
				CLANG_WARN_STRICT_PROTOTYPES = YES;
				CLANG_WARN_SUSPICIOUS_MOVE = YES;
				CLANG_WARN_UNGUARDED_AVAILABILITY = YES_AGGRESSIVE;
				CLANG_WARN_UNREACHABLE_CODE = YES;
				CLANG_WARN__DUPLICATE_METHOD_MATCH = YES;
				COPY_PHASE_STRIP = NO;
				DEBUG_INFORMATION_FORMAT = dwarf;
				ENABLE_STRICT_OBJC_MSGSEND = YES;
				ENABLE_TESTABILITY = YES;
				ENABLE_USER_SCRIPT_SANDBOXING = YES;
				GCC_C_LANGUAGE_STANDARD = gnu17;
				GCC_DYNAMIC_NO_PIC = NO;
				GCC_NO_COMMON_BLOCKS = YES;
				GCC_OPTIMIZATION_LEVEL = 0;
				GCC_PREPROCESSOR_DEFINITIONS = (
					"DEBUG=1",
					"$(inherited)",
				);
				GCC_WARN_64_TO_32_BIT_CONVERSION = YES;
				GCC_WARN_ABOUT_RETURN_TYPE = YES_ERROR;
				GCC_WARN_UNDECLARED_SELECTOR = YES;
				GCC_WARN_UNINITIALIZED_AUTOS = YES_AGGRESSIVE;
				GCC_WARN_UNUSED_FUNCTION = YES;
				GCC_WARN_UNUSED_VARIABLE = YES;
				IPHONEOS_DEPLOYMENT_TARGET = 17.0;
				LOCALIZATION_PREFERS_STRING_CATALOGS = YES;
				MTL_ENABLE_DEBUG_INFO = INCLUDE_SOURCE;
				MTL_FAST_MATH = YES;
				ONLY_ACTIVE_ARCH = YES;
				SDKROOT = iphoneos;
				SWIFT_ACTIVE_COMPILATION_CONDITIONS = "DEBUG $(inherited)";
				SWIFT_OPTIMIZATION_LEVEL = "-Onone";
			};
			name = Debug;
		};
		BA22D38B2B04862000D03533 /* Release */ = {
			isa = XCBuildConfiguration;
			buildSettings = {
				ALWAYS_SEARCH_USER_PATHS = NO;
				ASSETCATALOG_COMPILER_GENERATE_SWIFT_ASSET_SYMBOL_EXTENSIONS = YES;
				CLANG_ANALYZER_NONNULL = YES;
				CLANG_ANALYZER_NUMBER_OBJECT_CONVERSION = YES_AGGRESSIVE;
				CLANG_CXX_LANGUAGE_STANDARD = "gnu++20";
				CLANG_ENABLE_MODULES = YES;
				CLANG_ENABLE_OBJC_ARC = YES;
				CLANG_ENABLE_OBJC_WEAK = YES;
				CLANG_WARN_BLOCK_CAPTURE_AUTORELEASING = YES;
				CLANG_WARN_BOOL_CONVERSION = YES;
				CLANG_WARN_COMMA = YES;
				CLANG_WARN_CONSTANT_CONVERSION = YES;
				CLANG_WARN_DEPRECATED_OBJC_IMPLEMENTATIONS = YES;
				CLANG_WARN_DIRECT_OBJC_ISA_USAGE = YES_ERROR;
				CLANG_WARN_DOCUMENTATION_COMMENTS = YES;
				CLANG_WARN_EMPTY_BODY = YES;
				CLANG_WARN_ENUM_CONVERSION = YES;
				CLANG_WARN_INFINITE_RECURSION = YES;
				CLANG_WARN_INT_CONVERSION = YES;
				CLANG_WARN_NON_LITERAL_NULL_CONVERSION = YES;
				CLANG_WARN_OBJC_IMPLICIT_RETAIN_SELF = YES;
				CLANG_WARN_OBJC_LITERAL_CONVERSION = YES;
				CLANG_WARN_OBJC_ROOT_CLASS = YES_ERROR;
				CLANG_WARN_QUOTED_INCLUDE_IN_FRAMEWORK_HEADER = YES;
				CLANG_WARN_RANGE_LOOP_ANALYSIS = YES;
				CLANG_WARN_STRICT_PROTOTYPES = YES;
				CLANG_WARN_SUSPICIOUS_MOVE = YES;
				CLANG_WARN_UNGUARDED_AVAILABILITY = YES_AGGRESSIVE;
				CLANG_WARN_UNREACHABLE_CODE = YES;
				CLANG_WARN__DUPLICATE_METHOD_MATCH = YES;
				COPY_PHASE_STRIP = NO;
				DEBUG_INFORMATION_FORMAT = "dwarf-with-dsym";
				ENABLE_NS_ASSERTIONS = NO;
				ENABLE_STRICT_OBJC_MSGSEND = YES;
				ENABLE_USER_SCRIPT_SANDBOXING = YES;
				GCC_C_LANGUAGE_STANDARD = gnu17;
				GCC_NO_COMMON_BLOCKS = YES;
				GCC_WARN_64_TO_32_BIT_CONVERSION = YES;
				GCC_WARN_ABOUT_RETURN_TYPE = YES_ERROR;
				GCC_WARN_UNDECLARED_SELECTOR = YES;
				GCC_WARN_UNINITIALIZED_AUTOS = YES_AGGRESSIVE;
				GCC_WARN_UNUSED_FUNCTION = YES;
				GCC_WARN_UNUSED_VARIABLE = YES;
				IPHONEOS_DEPLOYMENT_TARGET = 17.0;
				LOCALIZATION_PREFERS_STRING_CATALOGS = YES;
				MTL_ENABLE_DEBUG_INFO = NO;
				MTL_FAST_MATH = YES;
				SDKROOT = iphoneos;
				SWIFT_COMPILATION_MODE = wholemodule;
				VALIDATE_PRODUCT = YES;
			};
			name = Release;
		};
		BA22D38D2B04862000D03533 /* Debug */ = {
			isa = XCBuildConfiguration;
			buildSettings = {
				ASSETCATALOG_COMPILER_APPICON_NAME = AppIcon;
				ASSETCATALOG_COMPILER_GLOBAL_ACCENT_COLOR_NAME = AccentColor;
				CODE_SIGN_STYLE = Automatic;
				CURRENT_PROJECT_VERSION = 1;
				DEVELOPMENT_TEAM = 2365W7GK84;
				GENERATE_INFOPLIST_FILE = YES;
				INFOPLIST_FILE = calculo/Info.plist;
				INFOPLIST_KEY_UIApplicationSupportsIndirectInputEvents = YES;
				INFOPLIST_KEY_UILaunchStoryboardName = LaunchScreen;
				INFOPLIST_KEY_UIMainStoryboardFile = Main;
				INFOPLIST_KEY_UISupportedInterfaceOrientations = "UIInterfaceOrientationLandscapeLeft UIInterfaceOrientationLandscapeRight UIInterfaceOrientationPortrait";
				INFOPLIST_KEY_UISupportedInterfaceOrientations_iPad = "UIInterfaceOrientationPortrait UIInterfaceOrientationPortraitUpsideDown";
				LD_RUNPATH_SEARCH_PATHS = (
					"$(inherited)",
					"@executable_path/Frameworks",
				);
				MARKETING_VERSION = 1.0;
				PRODUCT_BUNDLE_IDENTIFIER = alain.calculo;
				PRODUCT_NAME = "$(TARGET_NAME)";
				SWIFT_EMIT_LOC_STRINGS = YES;
				SWIFT_VERSION = 5.0;
				TARGETED_DEVICE_FAMILY = "1,2";
			};
			name = Debug;
		};
		BA22D38E2B04862000D03533 /* Release */ = {
			isa = XCBuildConfiguration;
			buildSettings = {
				ASSETCATALOG_COMPILER_APPICON_NAME = AppIcon;
				ASSETCATALOG_COMPILER_GLOBAL_ACCENT_COLOR_NAME = AccentColor;
				CODE_SIGN_STYLE = Automatic;
				CURRENT_PROJECT_VERSION = 1;
				DEVELOPMENT_TEAM = 2365W7GK84;
				GENERATE_INFOPLIST_FILE = YES;
				INFOPLIST_FILE = calculo/Info.plist;
				INFOPLIST_KEY_UIApplicationSupportsIndirectInputEvents = YES;
				INFOPLIST_KEY_UILaunchStoryboardName = LaunchScreen;
				INFOPLIST_KEY_UIMainStoryboardFile = Main;
				INFOPLIST_KEY_UISupportedInterfaceOrientations = "UIInterfaceOrientationLandscapeLeft UIInterfaceOrientationLandscapeRight UIInterfaceOrientationPortrait";
				INFOPLIST_KEY_UISupportedInterfaceOrientations_iPad = "UIInterfaceOrientationPortrait UIInterfaceOrientationPortraitUpsideDown";
				LD_RUNPATH_SEARCH_PATHS = (
					"$(inherited)",
					"@executable_path/Frameworks",
				);
				MARKETING_VERSION = 1.0;
				PRODUCT_BUNDLE_IDENTIFIER = alain.calculo;
				PRODUCT_NAME = "$(TARGET_NAME)";
				SWIFT_EMIT_LOC_STRINGS = YES;
				SWIFT_VERSION = 5.0;
				TARGETED_DEVICE_FAMILY = "1,2";
			};
			name = Release;
		};
		BA22D3902B04862000D03533 /* Debug */ = {
			isa = XCBuildConfiguration;
			buildSettings = {
				ALWAYS_EMBED_SWIFT_STANDARD_LIBRARIES = YES;
				BUNDLE_LOADER = "$(TEST_HOST)";
				CODE_SIGN_STYLE = Automatic;
				CURRENT_PROJECT_VERSION = 1;
				DEVELOPMENT_TEAM = 2365W7GK84;
				GENERATE_INFOPLIST_FILE = YES;
				IPHONEOS_DEPLOYMENT_TARGET = 17.0;
				MARKETING_VERSION = 1.0;
				PRODUCT_BUNDLE_IDENTIFIER = alain.calculoTests;
				PRODUCT_NAME = "$(TARGET_NAME)";
				SWIFT_EMIT_LOC_STRINGS = NO;
				SWIFT_VERSION = 5.0;
				TARGETED_DEVICE_FAMILY = "1,2";
				TEST_HOST = "$(BUILT_PRODUCTS_DIR)/calculo.app/$(BUNDLE_EXECUTABLE_FOLDER_PATH)/calculo";
			};
			name = Debug;
		};
		BA22D3912B04862000D03533 /* Release */ = {
			isa = XCBuildConfiguration;
			buildSettings = {
				ALWAYS_EMBED_SWIFT_STANDARD_LIBRARIES = YES;
				BUNDLE_LOADER = "$(TEST_HOST)";
				CODE_SIGN_STYLE = Automatic;
				CURRENT_PROJECT_VERSION = 1;
				DEVELOPMENT_TEAM = 2365W7GK84;
				GENERATE_INFOPLIST_FILE = YES;
				IPHONEOS_DEPLOYMENT_TARGET = 17.0;
				MARKETING_VERSION = 1.0;
				PRODUCT_BUNDLE_IDENTIFIER = alain.calculoTests;
				PRODUCT_NAME = "$(TARGET_NAME)";
				SWIFT_EMIT_LOC_STRINGS = NO;
				SWIFT_VERSION = 5.0;
				TARGETED_DEVICE_FAMILY = "1,2";
				TEST_HOST = "$(BUILT_PRODUCTS_DIR)/calculo.app/$(BUNDLE_EXECUTABLE_FOLDER_PATH)/calculo";
			};
			name = Release;
		};
		BA22D3932B04862000D03533 /* Debug */ = {
			isa = XCBuildConfiguration;
			buildSettings = {
				ALWAYS_EMBED_SWIFT_STANDARD_LIBRARIES = YES;
				CODE_SIGN_STYLE = Automatic;
				CURRENT_PROJECT_VERSION = 1;
				DEVELOPMENT_TEAM = 2365W7GK84;
				GENERATE_INFOPLIST_FILE = YES;
				MARKETING_VERSION = 1.0;
				PRODUCT_BUNDLE_IDENTIFIER = alain.calculoUITests;
				PRODUCT_NAME = "$(TARGET_NAME)";
				SWIFT_EMIT_LOC_STRINGS = NO;
				SWIFT_VERSION = 5.0;
				TARGETED_DEVICE_FAMILY = "1,2";
				TEST_TARGET_NAME = calculo;
			};
			name = Debug;
		};
		BA22D3942B04862000D03533 /* Release */ = {
			isa = XCBuildConfiguration;
			buildSettings = {
				ALWAYS_EMBED_SWIFT_STANDARD_LIBRARIES = YES;
				CODE_SIGN_STYLE = Automatic;
				CURRENT_PROJECT_VERSION = 1;
				DEVELOPMENT_TEAM = 2365W7GK84;
				GENERATE_INFOPLIST_FILE = YES;
				MARKETING_VERSION = 1.0;
				PRODUCT_BUNDLE_IDENTIFIER = alain.calculoUITests;
				PRODUCT_NAME = "$(TARGET_NAME)";
				SWIFT_EMIT_LOC_STRINGS = NO;
				SWIFT_VERSION = 5.0;
				TARGETED_DEVICE_FAMILY = "1,2";
				TEST_TARGET_NAME = calculo;
			};
			name = Release;
		};
/* End XCBuildConfiguration section */

/* Begin XCConfigurationList section */
		BA22D35D2B04861E00D03533 /* Build configuration list for PBXProject "calculo" */ = {
			isa = XCConfigurationList;
			buildConfigurations = (
				BA22D38A2B04862000D03533 /* Debug */,
				BA22D38B2B04862000D03533 /* Release */,
			);
			defaultConfigurationIsVisible = 0;
			defaultConfigurationName = Release;
		};
		BA22D38C2B04862000D03533 /* Build configuration list for PBXNativeTarget "calculo" */ = {
			isa = XCConfigurationList;
			buildConfigurations = (
				BA22D38D2B04862000D03533 /* Debug */,
				BA22D38E2B04862000D03533 /* Release */,
			);
			defaultConfigurationIsVisible = 0;
			defaultConfigurationName = Release;
		};
		BA22D38F2B04862000D03533 /* Build configuration list for PBXNativeTarget "calculoTests" */ = {
			isa = XCConfigurationList;
			buildConfigurations = (
				BA22D3902B04862000D03533 /* Debug */,
				BA22D3912B04862000D03533 /* Release */,
			);
			defaultConfigurationIsVisible = 0;
			defaultConfigurationName = Release;
		};
		BA22D3922B04862000D03533 /* Build configuration list for PBXNativeTarget "calculoUITests" */ = {
			isa = XCConfigurationList;
			buildConfigurations = (
				BA22D3932B04862000D03533 /* Debug */,
				BA22D3942B04862000D03533 /* Release */,
			);
			defaultConfigurationIsVisible = 0;
			defaultConfigurationName = Release;
		};
/* End XCConfigurationList section */
	};
	rootObject = BA22D35A2B04861E00D03533 /* Project object */;
}
